
Microsoft Visual Studio Solution File, Format Version 11.00
# Visual Studio 2010
Project("{FAE04EC0-301F-11D3-BF4B-00C04F79EFBC}") = "DS-Timer", "DS-Timer\DS-Timer.csproj", "{EA0CF37B-1854-4135-9340-878EBF3AD167}"
EndProject
Global
	GlobalSection(SolutionConfigurationPlatforms) = preSolution
		Debug|Any CPU = Debug|Any CPU
		Release|Any CPU = Release|Any CPU
	EndGlobalSection
	GlobalSection(ProjectConfigurationPlatforms) = postSolution
		{EA0CF37B-1854-4135-9340-878EBF3AD167}.Debug|Any CPU.ActiveCfg = Debug|Any CPU
		{EA0CF37B-1854-4135-9340-878EBF3AD167}.Debug|Any CPU.Build.0 = Debug|Any CPU
		{EA0CF37B-1854-4135-9340-878EBF3AD167}.Release|Any CPU.ActiveCfg = Release|Any CPU
		{EA0CF37B-1854-4135-9340-878EBF3AD167}.Release|Any CPU.Build.0 = Release|Any CPU
	EndGlobalSection
	GlobalSection(SolutionProperties) = preSolution
		HideSolutionNode = FALSE
	EndGlobalSection
EndGlobal
